
Microsoft Visual Studio Solution File, Format Version 12.00
# Visual Studio Version 17
VisualStudioVersion = 17.1.32228.430
MinimumVisualStudioVersion = 10.0.40219.1
Project("{FAE04EC0-301F-11D3-BF4B-00C04F79EFBC}") = "SophosLTCSV", "SophosLTCSV\SophosLTCSV.csproj", "{495E74AB-9FDA-4712-A14E-AC9802F96F86}"
EndProject
Global
	GlobalSection(SolutionConfigurationPlatforms) = preSolution
		Debug|Any CPU = Debug|Any CPU
		Release|Any CPU = Release|Any CPU
	EndGlobalSection
	GlobalSection(ProjectConfigurationPlatforms) = postSolution
		{495E74AB-9FDA-4712-A14E-AC9802F96F86}.Debug|Any CPU.ActiveCfg = Debug|Any CPU
		{495E74AB-9FDA-4712-A14E-AC9802F96F86}.Debug|Any CPU.Build.0 = Debug|Any CPU
		{495E74AB-9FDA-4712-A14E-AC9802F96F86}.Release|Any CPU.ActiveCfg = Release|Any CPU
		{495E74AB-9FDA-4712-A14E-AC9802F96F86}.Release|Any CPU.Build.0 = Release|Any CPU
	EndGlobalSection
	GlobalSection(SolutionProperties) = preSolution
		HideSolutionNode = FALSE
	EndGlobalSection
	GlobalSection(ExtensibilityGlobals) = postSolution
		SolutionGuid = {E4E20D64-7D4E-4719-BC95-92F193A0C2E3}
	EndGlobalSection
EndGlobal
